
Microsoft Visual Studio Solution File, Format Version 12.00
# Visual Studio Version 17
VisualStudioVersion = 17.9.34723.18
MinimumVisualStudioVersion = 10.0.40219.1
Project("{FAE04EC0-301F-11D3-BF4B-00C04F79EFBC}") = "SyncFileTimestamps", "SyncFileTimestamps\SyncFileTimestamps.csproj", "{904B0CFB-6907-4116-9119-E7D3C8F04E47}"
EndProject
Project("{FAE04EC0-301F-11D3-BF4B-00C04F79EFBC}") = "SyncFileTimestamps.UnitTests", "SyncFileTimestamps.UnitTests\SyncFileTimestamps.UnitTests.csproj", "{1AADD7D0-7268-4630-B4FA-F1271818D67E}"
EndProject
Global
	GlobalSection(SolutionConfigurationPlatforms) = preSolution
		Debug|Any CPU = Debug|Any CPU
		Release|Any CPU = Release|Any CPU
	EndGlobalSection
	GlobalSection(ProjectConfigurationPlatforms) = postSolution
		{904B0CFB-6907-4116-9119-E7D3C8F04E47}.Debug|Any CPU.ActiveCfg = Debug|Any CPU
		{904B0CFB-6907-4116-9119-E7D3C8F04E47}.Debug|Any CPU.Build.0 = Debug|Any CPU
		{904B0CFB-6907-4116-9119-E7D3C8F04E47}.Release|Any CPU.ActiveCfg = Release|Any CPU
		{904B0CFB-6907-4116-9119-E7D3C8F04E47}.Release|Any CPU.Build.0 = Release|Any CPU
		{1AADD7D0-7268-4630-B4FA-F1271818D67E}.Debug|Any CPU.ActiveCfg = Debug|Any CPU
		{1AADD7D0-7268-4630-B4FA-F1271818D67E}.Debug|Any CPU.Build.0 = Debug|Any CPU
		{1AADD7D0-7268-4630-B4FA-F1271818D67E}.Release|Any CPU.ActiveCfg = Release|Any CPU
		{1AADD7D0-7268-4630-B4FA-F1271818D67E}.Release|Any CPU.Build.0 = Release|Any CPU
	EndGlobalSection
	GlobalSection(SolutionProperties) = preSolution
		HideSolutionNode = FALSE
	EndGlobalSection
	GlobalSection(ExtensibilityGlobals) = postSolution
		SolutionGuid = {A0678BC3-CA50-409F-8AF3-602FFE258DFA}
	EndGlobalSection
EndGlobal
